// !$*UTF8*$!
{
	archiveVersion = 1;
	classes = {
	};
	objectVersion = 48;
	objects = {

/* Begin PBXBuildFile section */
		B22020FE202E3E75005A8339 /* MIDITimeTableHistory.swift in Sources */ = {isa = PBXBuildFile; fileRef = B22020FD202E3E75005A8339 /* MIDITimeTableHistory.swift */; };
		B27C690A1FC706F800816627 /* MIDITimeTablePlayheadView.swift in Sources */ = {isa = PBXBuildFile; fileRef = B27C69091FC706F800816627 /* MIDITimeTablePlayheadView.swift */; };
		B29FB6AF1F923E07006E4EA8 /* AppDelegate.swift in Sources */ = {isa = PBXBuildFile; fileRef = B29FB6AE1F923E07006E4EA8 /* AppDelegate.swift */; };
		B29FB6B11F923E07006E4EA8 /* ViewController.swift in Sources */ = {isa = PBXBuildFile; fileRef = B29FB6B01F923E07006E4EA8 /* ViewController.swift */; };
		B29FB6B41F923E07006E4EA8 /* Main.storyboard in Resources */ = {isa = PBXBuildFile; fileRef = B29FB6B21F923E07006E4EA8 /* Main.storyboard */; };
		B29FB6B61F923E07006E4EA8 /* Assets.xcassets in Resources */ = {isa = PBXBuildFile; fileRef = B29FB6B51F923E07006E4EA8 /* Assets.xcassets */; };
		B29FB6B91F923E07006E4EA8 /* LaunchScreen.storyboard in Resources */ = {isa = PBXBuildFile; fileRef = B29FB6B71F923E07006E4EA8 /* LaunchScreen.storyboard */; };
		B29FB6C21F923E31006E4EA8 /* MIDITimeTableView.swift in Sources */ = {isa = PBXBuildFile; fileRef = B29FB6C11F923E31006E4EA8 /* MIDITimeTableView.swift */; };
		B2A5100E1F954394005FE3DB /* MIDITimeTableGridLayer.swift in Sources */ = {isa = PBXBuildFile; fileRef = B2A5100D1F954394005FE3DB /* MIDITimeTableGridLayer.swift */; };
		B2A510101F9543B6005FE3DB /* MIDITimeTableNoteValue.swift in Sources */ = {isa = PBXBuildFile; fileRef = B2A5100F1F9543B6005FE3DB /* MIDITimeTableNoteValue.swift */; };
		B2A510121F9543D5005FE3DB /* MIDITimeTableTimeSignature.swift in Sources */ = {isa = PBXBuildFile; fileRef = B2A510111F9543D5005FE3DB /* MIDITimeTableTimeSignature.swift */; };
		B2A510141F9543FA005FE3DB /* MIDITimeTableMeasureLayer.swift in Sources */ = {isa = PBXBuildFile; fileRef = B2A510131F9543FA005FE3DB /* MIDITimeTableMeasureLayer.swift */; };
		B2A510161F954414005FE3DB /* MIDITimeTableMeasureView.swift in Sources */ = {isa = PBXBuildFile; fileRef = B2A510151F954414005FE3DB /* MIDITimeTableMeasureView.swift */; };
		B2A510181F95443A005FE3DB /* MIDITimeTableCellView.swift in Sources */ = {isa = PBXBuildFile; fileRef = B2A510171F95443A005FE3DB /* MIDITimeTableCellView.swift */; };
		B2A5101A1F95445A005FE3DB /* MIDITimeTableHeaderCellView.swift in Sources */ = {isa = PBXBuildFile; fileRef = B2A510191F95445A005FE3DB /* MIDITimeTableHeaderCellView.swift */; };
		B2A5101C1F95447F005FE3DB /* MIDITimeTableRowData.swift in Sources */ = {isa = PBXBuildFile; fileRef = B2A5101B1F95447F005FE3DB /* MIDITimeTableRowData.swift */; };
		B2A5101E1F95449F005FE3DB /* MIDITimeTableCellData.swift in Sources */ = {isa = PBXBuildFile; fileRef = B2A5101D1F95449F005FE3DB /* MIDITimeTableCellData.swift */; };
/* End PBXBuildFile section */

/* Begin PBXFileReference section */
		B22020FD202E3E75005A8339 /* MIDITimeTableHistory.swift */ = {isa = PBXFileReference; lastKnownFileType = sourcecode.swift; path = MIDITimeTableHistory.swift; sourceTree = "<group>"; };
		B27C69091FC706F800816627 /* MIDITimeTablePlayheadView.swift */ = {isa = PBXFileReference; lastKnownFileType = sourcecode.swift; path = MIDITimeTablePlayheadView.swift; sourceTree = "<group>"; };
		B29FB6AB1F923E07006E4EA8 /* MIDITimeTableView.app */ = {isa = PBXFileReference; explicitFileType = wrapper.application; includeInIndex = 0; path = MIDITimeTableView.app; sourceTree = BUILT_PRODUCTS_DIR; };
		B29FB6AE1F923E07006E4EA8 /* AppDelegate.swift */ = {isa = PBXFileReference; lastKnownFileType = sourcecode.swift; path = AppDelegate.swift; sourceTree = "<group>"; };
		B29FB6B01F923E07006E4EA8 /* ViewController.swift */ = {isa = PBXFileReference; lastKnownFileType = sourcecode.swift; lineEnding = 0; path = ViewController.swift; sourceTree = "<group>"; };
		B29FB6B31F923E07006E4EA8 /* Base */ = {isa = PBXFileReference; lastKnownFileType = file.storyboard; name = Base; path = Base.lproj/Main.storyboard; sourceTree = "<group>"; };
		B29FB6B51F923E07006E4EA8 /* Assets.xcassets */ = {isa = PBXFileReference; lastKnownFileType = folder.assetcatalog; path = Assets.xcassets; sourceTree = "<group>"; };
		B29FB6B81F923E07006E4EA8 /* Base */ = {isa = PBXFileReference; lastKnownFileType = file.storyboard; name = Base; path = Base.lproj/LaunchScreen.storyboard; sourceTree = "<group>"; };
		B29FB6BA1F923E07006E4EA8 /* Info.plist */ = {isa = PBXFileReference; lastKnownFileType = text.plist.xml; path = Info.plist; sourceTree = "<group>"; };
		B29FB6C11F923E31006E4EA8 /* MIDITimeTableView.swift */ = {isa = PBXFileReference; lastKnownFileType = sourcecode.swift; path = MIDITimeTableView.swift; sourceTree = "<group>"; };
		B2A5100D1F954394005FE3DB /* MIDITimeTableGridLayer.swift */ = {isa = PBXFileReference; lastKnownFileType = sourcecode.swift; path = MIDITimeTableGridLayer.swift; sourceTree = "<group>"; };
		B2A5100F1F9543B6005FE3DB /* MIDITimeTableNoteValue.swift */ = {isa = PBXFileReference; lastKnownFileType = sourcecode.swift; path = MIDITimeTableNoteValue.swift; sourceTree = "<group>"; };
		B2A510111F9543D5005FE3DB /* MIDITimeTableTimeSignature.swift */ = {isa = PBXFileReference; lastKnownFileType = sourcecode.swift; path = MIDITimeTableTimeSignature.swift; sourceTree = "<group>"; };
		B2A510131F9543FA005FE3DB /* MIDITimeTableMeasureLayer.swift */ = {isa = PBXFileReference; lastKnownFileType = sourcecode.swift; path = MIDITimeTableMeasureLayer.swift; sourceTree = "<group>"; };
		B2A510151F954414005FE3DB /* MIDITimeTableMeasureView.swift */ = {isa = PBXFileReference; lastKnownFileType = sourcecode.swift; path = MIDITimeTableMeasureView.swift; sourceTree = "<group>"; };
		B2A510171F95443A005FE3DB /* MIDITimeTableCellView.swift */ = {isa = PBXFileReference; lastKnownFileType = sourcecode.swift; path = MIDITimeTableCellView.swift; sourceTree = "<group>"; };
		B2A510191F95445A005FE3DB /* MIDITimeTableHeaderCellView.swift */ = {isa = PBXFileReference; lastKnownFileType = sourcecode.swift; path = MIDITimeTableHeaderCellView.swift; sourceTree = "<group>"; };
		B2A5101B1F95447F005FE3DB /* MIDITimeTableRowData.swift */ = {isa = PBXFileReference; lastKnownFileType = sourcecode.swift; path = MIDITimeTableRowData.swift; sourceTree = "<group>"; };
		B2A5101D1F95449F005FE3DB /* MIDITimeTableCellData.swift */ = {isa = PBXFileReference; lastKnownFileType = sourcecode.swift; path = MIDITimeTableCellData.swift; sourceTree = "<group>"; };
/* End PBXFileReference section */

/* Begin PBXFrameworksBuildPhase section */
		B29FB6A81F923E07006E4EA8 /* Frameworks */ = {
			isa = PBXFrameworksBuildPhase;
			buildActionMask = 2147483647;
			files = (
			);
			runOnlyForDeploymentPostprocessing = 0;
		};
/* End PBXFrameworksBuildPhase section */

/* Begin PBXGroup section */
		B29FB6A21F923E07006E4EA8 = {
			isa = PBXGroup;
			children = (
				B29FB6AD1F923E07006E4EA8 /* MIDITimeTableView */,
				B29FB6AC1F923E07006E4EA8 /* Products */,
			);
			sourceTree = "<group>";
		};
		B29FB6AC1F923E07006E4EA8 /* Products */ = {
			isa = PBXGroup;
			children = (
				B29FB6AB1F923E07006E4EA8 /* MIDITimeTableView.app */,
			);
			name = Products;
			sourceTree = "<group>";
		};
		B29FB6AD1F923E07006E4EA8 /* MIDITimeTableView */ = {
			isa = PBXGroup;
			children = (
				B29FB6C01F923E23006E4EA8 /* Source */,
				B29FB6AE1F923E07006E4EA8 /* AppDelegate.swift */,
				B29FB6B01F923E07006E4EA8 /* ViewController.swift */,
				B29FB6B21F923E07006E4EA8 /* Main.storyboard */,
				B29FB6B51F923E07006E4EA8 /* Assets.xcassets */,
				B29FB6B71F923E07006E4EA8 /* LaunchScreen.storyboard */,
				B29FB6BA1F923E07006E4EA8 /* Info.plist */,
			);
			path = MIDITimeTableView;
			sourceTree = "<group>";
		};
		B29FB6C01F923E23006E4EA8 /* Source */ = {
			isa = PBXGroup;
			children = (
				B29FB6C11F923E31006E4EA8 /* MIDITimeTableView.swift */,
				B2A510171F95443A005FE3DB /* MIDITimeTableCellView.swift */,
				B2A510191F95445A005FE3DB /* MIDITimeTableHeaderCellView.swift */,
				B2A510151F954414005FE3DB /* MIDITimeTableMeasureView.swift */,
				B2A510131F9543FA005FE3DB /* MIDITimeTableMeasureLayer.swift */,
				B2A5100D1F954394005FE3DB /* MIDITimeTableGridLayer.swift */,
				B27C69091FC706F800816627 /* MIDITimeTablePlayheadView.swift */,
				B2A5100F1F9543B6005FE3DB /* MIDITimeTableNoteValue.swift */,
				B2A510111F9543D5005FE3DB /* MIDITimeTableTimeSignature.swift */,
				B2A5101B1F95447F005FE3DB /* MIDITimeTableRowData.swift */,
				B2A5101D1F95449F005FE3DB /* MIDITimeTableCellData.swift */,
				B22020FD202E3E75005A8339 /* MIDITimeTableHistory.swift */,
			);
			path = Source;
			sourceTree = "<group>";
		};
/* End PBXGroup section */

/* Begin PBXNativeTarget section */
		B29FB6AA1F923E07006E4EA8 /* MIDITimeTableView */ = {
			isa = PBXNativeTarget;
			buildConfigurationList = B29FB6BD1F923E07006E4EA8 /* Build configuration list for PBXNativeTarget "MIDITimeTableView" */;
			buildPhases = (
				B29FB6A71F923E07006E4EA8 /* Sources */,
				B29FB6A81F923E07006E4EA8 /* Frameworks */,
				B29FB6A91F923E07006E4EA8 /* Resources */,
			);
			buildRules = (
			);
			dependencies = (
			);
			name = MIDITimeTableView;
			productName = MIDITimeTableView;
			productReference = B29FB6AB1F923E07006E4EA8 /* MIDITimeTableView.app */;
			productType = "com.apple.product-type.application";
		};
/* End PBXNativeTarget section */

/* Begin PBXProject section */
		B29FB6A31F923E07006E4EA8 /* Project object */ = {
			isa = PBXProject;
			attributes = {
				LastSwiftUpdateCheck = 0900;
				LastUpgradeCheck = 1010;
				ORGANIZATIONNAME = cemolcay;
				TargetAttributes = {
					B29FB6AA1F923E07006E4EA8 = {
						CreatedOnToolsVersion = 9.0;
						LastSwiftMigration = 1020;
						ProvisioningStyle = Automatic;
					};
				};
			};
			buildConfigurationList = B29FB6A61F923E07006E4EA8 /* Build configuration list for PBXProject "MIDITimeTableView" */;
			compatibilityVersion = "Xcode 8.0";
			developmentRegion = en;
			hasScannedForEncodings = 0;
			knownRegions = (
				en,
				Base,
			);
			mainGroup = B29FB6A21F923E07006E4EA8;
			productRefGroup = B29FB6AC1F923E07006E4EA8 /* Products */;
			projectDirPath = "";
			projectRoot = "";
			targets = (
				B29FB6AA1F923E07006E4EA8 /* MIDITimeTableView */,
			);
		};
/* End PBXProject section */

/* Begin PBXResourcesBuildPhase section */
		B29FB6A91F923E07006E4EA8 /* Resources */ = {
			isa = PBXResourcesBuildPhase;
			buildActionMask = 2147483647;
			files = (
				B29FB6B91F923E07006E4EA8 /* LaunchScreen.storyboard in Resources */,
				B29FB6B61F923E07006E4EA8 /* Assets.xcassets in Resources */,
				B29FB6B41F923E07006E4EA8 /* Main.storyboard in Resources */,
			);
			runOnlyForDeploymentPostprocessing = 0;
		};
/* End PBXResourcesBuildPhase section */

/* Begin PBXSourcesBuildPhase section */
		B29FB6A71F923E07006E4EA8 /* Sources */ = {
			isa = PBXSourcesBuildPhase;
			buildActionMask = 2147483647;
			files = (
				B2A510161F954414005FE3DB /* MIDITimeTableMeasureView.swift in Sources */,
				B22020FE202E3E75005A8339 /* MIDITimeTableHistory.swift in Sources */,
				B2A5100E1F954394005FE3DB /* MIDITimeTableGridLayer.swift in Sources */,
				B2A5101E1F95449F005FE3DB /* MIDITimeTableCellData.swift in Sources */,
				B29FB6C21F923E31006E4EA8 /* MIDITimeTableView.swift in Sources */,
				B2A510101F9543B6005FE3DB /* MIDITimeTableNoteValue.swift in Sources */,
				B27C690A1FC706F800816627 /* MIDITimeTablePlayheadView.swift in Sources */,
				B2A5101A1F95445A005FE3DB /* MIDITimeTableHeaderCellView.swift in Sources */,
				B29FB6B11F923E07006E4EA8 /* ViewController.swift in Sources */,
				B2A510121F9543D5005FE3DB /* MIDITimeTableTimeSignature.swift in Sources */,
				B2A5101C1F95447F005FE3DB /* MIDITimeTableRowData.swift in Sources */,
				B2A510181F95443A005FE3DB /* MIDITimeTableCellView.swift in Sources */,
				B2A510141F9543FA005FE3DB /* MIDITimeTableMeasureLayer.swift in Sources */,
				B29FB6AF1F923E07006E4EA8 /* AppDelegate.swift in Sources */,
			);
			runOnlyForDeploymentPostprocessing = 0;
		};
/* End PBXSourcesBuildPhase section */

/* Begin PBXVariantGroup section */
		B29FB6B21F923E07006E4EA8 /* Main.storyboard */ = {
			isa = PBXVariantGroup;
			children = (
				B29FB6B31F923E07006E4EA8 /* Base */,
			);
			name = Main.storyboard;
			sourceTree = "<group>";
		};
		B29FB6B71F923E07006E4EA8 /* LaunchScreen.storyboard */ = {
			isa = PBXVariantGroup;
			children = (
				B29FB6B81F923E07006E4EA8 /* Base */,
			);
			name = LaunchScreen.storyboard;
			sourceTree = "<group>";
		};
/* End PBXVariantGroup section */

/* Begin XCBuildConfiguration section */
		B29FB6BB1F923E07006E4EA8 /* Debug */ = {
			isa = XCBuildConfiguration;
			buildSettings = {
				ALWAYS_SEARCH_USER_PATHS = NO;
				CLANG_ANALYZER_NONNULL = YES;
				CLANG_ANALYZER_NUMBER_OBJECT_CONVERSION = YES_AGGRESSIVE;
				CLANG_CXX_LANGUAGE_STANDARD = "gnu++14";
				CLANG_CXX_LIBRARY = "libc++";
				CLANG_ENABLE_MODULES = YES;
				CLANG_ENABLE_OBJC_ARC = YES;
				CLANG_WARN_BLOCK_CAPTURE_AUTORELEASING = YES;
				CLANG_WARN_BOOL_CONVERSION = YES;
				CLANG_WARN_COMMA = YES;
				CLANG_WARN_CONSTANT_CONVERSION = YES;
				CLANG_WARN_DEPRECATED_OBJC_IMPLEMENTATIONS = YES;
				CLANG_WARN_DIRECT_OBJC_ISA_USAGE = YES_ERROR;
				CLANG_WARN_DOCUMENTATION_COMMENTS = YES;
				CLANG_WARN_EMPTY_BODY = YES;
				CLANG_WARN_ENUM_CONVERSION = YES;
				CLANG_WARN_INFINITE_RECURSION = YES;
				CLANG_WARN_INT_CONVERSION = YES;
				CLANG_WARN_NON_LITERAL_NULL_CONVERSION = YES;
				CLANG_WARN_OBJC_IMPLICIT_RETAIN_SELF = YES;
				CLANG_WARN_OBJC_LITERAL_CONVERSION = YES;
				CLANG_WARN_OBJC_ROOT_CLASS = YES_ERROR;
				CLANG_WARN_RANGE_LOOP_ANALYSIS = YES;
				CLANG_WARN_STRICT_PROTOTYPES = YES;
				CLANG_WARN_SUSPICIOUS_MOVE = YES;
				CLANG_WARN_UNGUARDED_AVAILABILITY = YES_AGGRESSIVE;
				CLANG_WARN_UNREACHABLE_CODE = YES;
				CLANG_WARN__DUPLICATE_METHOD_MATCH = YES;
				CODE_SIGN_IDENTITY = "iPhone Developer";
				COPY_PHASE_STRIP = NO;
				DEBUG_INFORMATION_FORMAT = dwarf;
				ENABLE_STRICT_OBJC_MSGSEND = YES;
				ENABLE_TESTABILITY = YES;
				GCC_C_LANGUAGE_STANDARD = gnu11;
				GCC_DYNAMIC_NO_PIC = NO;
				GCC_NO_COMMON_BLOCKS = YES;
				GCC_OPTIMIZATION_LEVEL = 0;
				GCC_PREPROCESSOR_DEFINITIONS = (
					"DEBUG=1",
					"$(inherited)",
				);
				GCC_WARN_64_TO_32_BIT_CONVERSION = YES;
				GCC_WARN_ABOUT_RETURN_TYPE = YES_ERROR;
				GCC_WARN_UNDECLARED_SELECTOR = YES;
				GCC_WARN_UNINITIALIZED_AUTOS = YES_AGGRESSIVE;
				GCC_WARN_UNUSED_FUNCTION = YES;
				GCC_WARN_UNUSED_VARIABLE = YES;
				IPHONEOS_DEPLOYMENT_TARGET = 9.0;
				MTL_ENABLE_DEBUG_INFO = YES;
				ONLY_ACTIVE_ARCH = YES;
				SDKROOT = iphoneos;
				SWIFT_ACTIVE_COMPILATION_CONDITIONS = DEBUG;
				SWIFT_OPTIMIZATION_LEVEL = "-Onone";
			};
			name = Debug;
		};
		B29FB6BC1F923E07006E4EA8 /* Release */ = {
			isa = XCBuildConfiguration;
			buildSettings = {
				ALWAYS_SEARCH_USER_PATHS = NO;
				CLANG_ANALYZER_NONNULL = YES;
				CLANG_ANALYZER_NUMBER_OBJECT_CONVERSION = YES_AGGRESSIVE;
				CLANG_CXX_LANGUAGE_STANDARD = "gnu++14";
				CLANG_CXX_LIBRARY = "libc++";
				CLANG_ENABLE_MODULES = YES;
				CLANG_ENABLE_OBJC_ARC = YES;
				CLANG_WARN_BLOCK_CAPTURE_AUTORELEASING = YES;
				CLANG_WARN_BOOL_CONVERSION = YES;
				CLANG_WARN_COMMA = YES;
				CLANG_WARN_CONSTANT_CONVERSION = YES;
				CLANG_WARN_DEPRECATED_OBJC_IMPLEMENTATIONS = YES;
				CLANG_WARN_DIRECT_OBJC_ISA_USAGE = YES_ERROR;
				CLANG_WARN_DOCUMENTATION_COMMENTS = YES;
				CLANG_WARN_EMPTY_BODY = YES;
				CLANG_WARN_ENUM_CONVERSION = YES;
				CLANG_WARN_INFINITE_RECURSION = YES;
				CLANG_WARN_INT_CONVERSION = YES;
				CLANG_WARN_NON_LITERAL_NULL_CONVERSION = YES;
				CLANG_WARN_OBJC_IMPLICIT_RETAIN_SELF = YES;
				CLANG_WARN_OBJC_LITERAL_CONVERSION = YES;
				CLANG_WARN_OBJC_ROOT_CLASS = YES_ERROR;
				CLANG_WARN_RANGE_LOOP_ANALYSIS = YES;
				CLANG_WARN_STRICT_PROTOTYPES = YES;
				CLANG_WARN_SUSPICIOUS_MOVE = YES;
				CLANG_WARN_UNGUARDED_AVAILABILITY = YES_AGGRESSIVE;
				CLANG_WARN_UNREACHABLE_CODE = YES;
				CLANG_WARN__DUPLICATE_METHOD_MATCH = YES;
				CODE_SIGN_IDENTITY = "iPhone Developer";
				COPY_PHASE_STRIP = NO;
				DEBUG_INFORMATION_FORMAT = "dwarf-with-dsym";
				ENABLE_NS_ASSERTIONS = NO;
				ENABLE_STRICT_OBJC_MSGSEND = YES;
				GCC_C_LANGUAGE_STANDARD = gnu11;
				GCC_NO_COMMON_BLOCKS = YES;
				GCC_WARN_64_TO_32_BIT_CONVERSION = YES;
				GCC_WARN_ABOUT_RETURN_TYPE = YES_ERROR;
				GCC_WARN_UNDECLARED_SELECTOR = YES;
				GCC_WARN_UNINITIALIZED_AUTOS = YES_AGGRESSIVE;
				GCC_WARN_UNUSED_FUNCTION = YES;
				GCC_WARN_UNUSED_VARIABLE = YES;
				IPHONEOS_DEPLOYMENT_TARGET = 9.0;
				MTL_ENABLE_DEBUG_INFO = NO;
				SDKROOT = iphoneos;
				SWIFT_OPTIMIZATION_LEVEL = "-Owholemodule";
				VALIDATE_PRODUCT = YES;
			};
			name = Release;
		};
		B29FB6BE1F923E07006E4EA8 /* Debug */ = {
			isa = XCBuildConfiguration;
			buildSettings = {
				ASSETCATALOG_COMPILER_APPICON_NAME = AppIcon;
				CODE_SIGN_STYLE = Automatic;
				DEVELOPMENT_TEAM = 77Y3N48SNF;
				INFOPLIST_FILE = MIDITimeTableView/Info.plist;
				IPHONEOS_DEPLOYMENT_TARGET = 9.0;
				LD_RUNPATH_SEARCH_PATHS = "$(inherited) @executable_path/Frameworks";
				PRODUCT_BUNDLE_IDENTIFIER = com.cemolcay.MIDITimeTableView;
				PRODUCT_NAME = "$(TARGET_NAME)";
				SWIFT_VERSION = 5.0;
				TARGETED_DEVICE_FAMILY = "1,2";
			};
			name = Debug;
		};
		B29FB6BF1F923E07006E4EA8 /* Release */ = {
			isa = XCBuildConfiguration;
			buildSettings = {
				ASSETCATALOG_COMPILER_APPICON_NAME = AppIcon;
				CODE_SIGN_STYLE = Automatic;
				DEVELOPMENT_TEAM = 77Y3N48SNF;
				INFOPLIST_FILE = MIDITimeTableView/Info.plist;
				IPHONEOS_DEPLOYMENT_TARGET = 9.0;
				LD_RUNPATH_SEARCH_PATHS = "$(inherited) @executable_path/Frameworks";
				PRODUCT_BUNDLE_IDENTIFIER = com.cemolcay.MIDITimeTableView;
				PRODUCT_NAME = "$(TARGET_NAME)";
				SWIFT_VERSION = 5.0;
				TARGETED_DEVICE_FAMILY = "1,2";
			};
			name = Release;
		};
/* End XCBuildConfiguration section */

/* Begin XCConfigurationList section */
		B29FB6A61F923E07006E4EA8 /* Build configuration list for PBXProject "MIDITimeTableView" */ = {
			isa = XCConfigurationList;
			buildConfigurations = (
				B29FB6BB1F923E07006E4EA8 /* Debug */,
				B29FB6BC1F923E07006E4EA8 /* Release */,
			);
			defaultConfigurationIsVisible = 0;
			defaultConfigurationName = Release;
		};
		B29FB6BD1F923E07006E4EA8 /* Build configuration list for PBXNativeTarget "MIDITimeTableView" */ = {
			isa = XCConfigurationList;
			buildConfigurations = (
				B29FB6BE1F923E07006E4EA8 /* Debug */,
				B29FB6BF1F923E07006E4EA8 /* Release */,
			);
			defaultConfigurationIsVisible = 0;
			defaultConfigurationName = Release;
		};
/* End XCConfigurationList section */
	};
	rootObject = B29FB6A31F923E07006E4EA8 /* Project object */;
}
